
Microsoft Visual Studio Solution File, Format Version 12.00
# Visual Studio Version 16
VisualStudioVersion = 16.0.30204.135
MinimumVisualStudioVersion = 10.0.40219.1
Project("{FAE04EC0-301F-11D3-BF4B-00C04F79EFBC}") = "ElectroStore.Domain", "ElectroStore.Domain\ElectroStore.Domain.csproj", "{F74DBAEC-C3F1-4712-BFC8-F03F244089A4}"
EndProject
Project("{FAE04EC0-301F-11D3-BF4B-00C04F79EFBC}") = "ElectroStore.WebUI", "ElectroStore.WebUI\ElectroStore.WebUI.csproj", "{C952CC3D-9886-4D6B-9B60-749638A7BBE2}"
EndProject
Global
	GlobalSection(SolutionConfigurationPlatforms) = preSolution
		Debug|Any CPU = Debug|Any CPU
		Release|Any CPU = Release|Any CPU
	EndGlobalSection
	GlobalSection(ProjectConfigurationPlatforms) = postSolution
		{F74DBAEC-C3F1-4712-BFC8-F03F244089A4}.Debug|Any CPU.ActiveCfg = Debug|Any CPU
		{F74DBAEC-C3F1-4712-BFC8-F03F244089A4}.Debug|Any CPU.Build.0 = Debug|Any CPU
		{F74DBAEC-C3F1-4712-BFC8-F03F244089A4}.Release|Any CPU.ActiveCfg = Release|Any CPU
		{F74DBAEC-C3F1-4712-BFC8-F03F244089A4}.Release|Any CPU.Build.0 = Release|Any CPU
		{C952CC3D-9886-4D6B-9B60-749638A7BBE2}.Debug|Any CPU.ActiveCfg = Debug|Any CPU
		{C952CC3D-9886-4D6B-9B60-749638A7BBE2}.Debug|Any CPU.Build.0 = Debug|Any CPU
		{C952CC3D-9886-4D6B-9B60-749638A7BBE2}.Release|Any CPU.ActiveCfg = Release|Any CPU
		{C952CC3D-9886-4D6B-9B60-749638A7BBE2}.Release|Any CPU.Build.0 = Release|Any CPU
	EndGlobalSection
	GlobalSection(SolutionProperties) = preSolution
		HideSolutionNode = FALSE
	EndGlobalSection
	GlobalSection(ExtensibilityGlobals) = postSolution
		SolutionGuid = {370A34BF-C1AC-48DA-BB9D-EA525CE61351}
	EndGlobalSection
EndGlobal
